
Microsoft Visual Studio Solution File, Format Version 12.00
# Visual Studio 2013
VisualStudioVersion = 12.0.30501.0
MinimumVisualStudioVersion = 10.0.40219.1
Project("{FAE04EC0-301F-11D3-BF4B-00C04F79EFBC}") = "S_tiger_Finnare", "S_tiger_Finnare\S_tiger_Finnare.csproj", "{E74D6C8A-EA2C-4293-A9B6-C6FD644C5FCE}"
EndProject
Global
	GlobalSection(SolutionConfigurationPlatforms) = preSolution
		Debug|Any CPU = Debug|Any CPU
		Release|Any CPU = Release|Any CPU
	EndGlobalSection
	GlobalSection(ProjectConfigurationPlatforms) = postSolution
		{E74D6C8A-EA2C-4293-A9B6-C6FD644C5FCE}.Debug|Any CPU.ActiveCfg = Debug|Any CPU
		{E74D6C8A-EA2C-4293-A9B6-C6FD644C5FCE}.Debug|Any CPU.Build.0 = Debug|Any CPU
		{E74D6C8A-EA2C-4293-A9B6-C6FD644C5FCE}.Release|Any CPU.ActiveCfg = Release|Any CPU
		{E74D6C8A-EA2C-4293-A9B6-C6FD644C5FCE}.Release|Any CPU.Build.0 = Release|Any CPU
	EndGlobalSection
	GlobalSection(SolutionProperties) = preSolution
		HideSolutionNode = FALSE
	EndGlobalSection
EndGlobal
